// !$*UTF8*$!
{
	archiveVersion = 1;
	classes = {
	};
	objectVersion = 50;
	objects = {

/* Begin PBXBuildFile section */
		1B7FF21722CDABAC0031CEC5 /* SGChapterDataModel.swift in Sources */ = {isa = PBXBuildFile; fileRef = 1B7FF21622CDABAC0031CEC5 /* SGChapterDataModel.swift */; };
		1B7FF21922CDD5620031CEC5 /* SGEnum.swift in Sources */ = {isa = PBXBuildFile; fileRef = 1B7FF21822CDD5620031CEC5 /* SGEnum.swift */; };
		1B7FF21C22CDD7390031CEC5 /* SGReaderPageProtocol.swift in Sources */ = {isa = PBXBuildFile; fileRef = 1B7FF21B22CDD7390031CEC5 /* SGReaderPageProtocol.swift */; };
		1B7FF21F22CDD7A30031CEC5 /* SGReaderManager.swift in Sources */ = {isa = PBXBuildFile; fileRef = 1B7FF21E22CDD7A30031CEC5 /* SGReaderManager.swift */; };
		1B7FF24822CDE0050031CEC5 /* SGMenuDataManager.swift in Sources */ = {isa = PBXBuildFile; fileRef = 1B7FF24722CDE0050031CEC5 /* SGMenuDataManager.swift */; };
		1B7FF24A22CDE0830031CEC5 /* SGReadingDataManager.swift in Sources */ = {isa = PBXBuildFile; fileRef = 1B7FF24922CDE0830031CEC5 /* SGReadingDataManager.swift */; };
		1B7FF24C22CDE0A20031CEC5 /* SGReaderDataManager.swift in Sources */ = {isa = PBXBuildFile; fileRef = 1B7FF24B22CDE0A20031CEC5 /* SGReaderDataManager.swift */; };
		1B7FF24E22CDE3040031CEC5 /* SGReaderSetDataManager.swift in Sources */ = {isa = PBXBuildFile; fileRef = 1B7FF24D22CDE3040031CEC5 /* SGReaderSetDataManager.swift */; };
		1B7FF25022CDE3650031CEC5 /* SGDeviceExtension.swift in Sources */ = {isa = PBXBuildFile; fileRef = 1B7FF24F22CDE3650031CEC5 /* SGDeviceExtension.swift */; };
		1B7FF25222CDEB980031CEC5 /* SGProtocolManager.swift in Sources */ = {isa = PBXBuildFile; fileRef = 1B7FF25122CDEB980031CEC5 /* SGProtocolManager.swift */; };
		1B7FF25422CDEE080031CEC5 /* SGPagingProcess.swift in Sources */ = {isa = PBXBuildFile; fileRef = 1B7FF25322CDEE080031CEC5 /* SGPagingProcess.swift */; };
		1B7FF25622CDEE3B0031CEC5 /* SGPagingModel.swift in Sources */ = {isa = PBXBuildFile; fileRef = 1B7FF25522CDEE3B0031CEC5 /* SGPagingModel.swift */; };
		1B7FF25822CDF4650031CEC5 /* SGStringExtension.swift in Sources */ = {isa = PBXBuildFile; fileRef = 1B7FF25722CDF4650031CEC5 /* SGStringExtension.swift */; };
		1B7FF25A22CDF7320031CEC5 /* SGAttributedStringExtension.swift in Sources */ = {isa = PBXBuildFile; fileRef = 1B7FF25922CDF7320031CEC5 /* SGAttributedStringExtension.swift */; };
		1BBDA7F722CCB0FE005FE590 /* Sugar_Reader.h in Headers */ = {isa = PBXBuildFile; fileRef = 1BBDA7F522CCB0FE005FE590 /* Sugar_Reader.h */; settings = {ATTRIBUTES = (Public, ); }; };
		1BBDA82222CCB744005FE590 /* SGBaseView.swift in Sources */ = {isa = PBXBuildFile; fileRef = 1BBDA82122CCB744005FE590 /* SGBaseView.swift */; };
		1BBDA82422CCB795005FE590 /* SGBaseViewController.swift in Sources */ = {isa = PBXBuildFile; fileRef = 1BBDA82322CCB795005FE590 /* SGBaseViewController.swift */; };
		1BBDA82722CCBEE5005FE590 /* SGReaserNavBarView.swift in Sources */ = {isa = PBXBuildFile; fileRef = 1BBDA82622CCBEE5005FE590 /* SGReaserNavBarView.swift */; };
		1BBDA82922CCBEF6005FE590 /* SGReaderTabBarView.swift in Sources */ = {isa = PBXBuildFile; fileRef = 1BBDA82822CCBEF6005FE590 /* SGReaderTabBarView.swift */; };
		1BBDA82B22CCBF13005FE590 /* SGReaderPageViewController.swift in Sources */ = {isa = PBXBuildFile; fileRef = 1BBDA82A22CCBF13005FE590 /* SGReaderPageViewController.swift */; };
		88905D2E99D497F3E71986BC /* Pods_Sugar_Reader.framework in Frameworks */ = {isa = PBXBuildFile; fileRef = DBFC0ABBF45B83C206504293 /* Pods_Sugar_Reader.framework */; };
/* End PBXBuildFile section */

/* Begin PBXFileReference section */
		1B7FF21622CDABAC0031CEC5 /* SGChapterDataModel.swift */ = {isa = PBXFileReference; lastKnownFileType = sourcecode.swift; path = SGChapterDataModel.swift; sourceTree = "<group>"; };
		1B7FF21822CDD5620031CEC5 /* SGEnum.swift */ = {isa = PBXFileReference; lastKnownFileType = sourcecode.swift; path = SGEnum.swift; sourceTree = "<group>"; };
		1B7FF21B22CDD7390031CEC5 /* SGReaderPageProtocol.swift */ = {isa = PBXFileReference; lastKnownFileType = sourcecode.swift; path = SGReaderPageProtocol.swift; sourceTree = "<group>"; };
		1B7FF21E22CDD7A30031CEC5 /* SGReaderManager.swift */ = {isa = PBXFileReference; lastKnownFileType = sourcecode.swift; path = SGReaderManager.swift; sourceTree = "<group>"; };
		1B7FF24722CDE0050031CEC5 /* SGMenuDataManager.swift */ = {isa = PBXFileReference; lastKnownFileType = sourcecode.swift; path = SGMenuDataManager.swift; sourceTree = "<group>"; };
		1B7FF24922CDE0830031CEC5 /* SGReadingDataManager.swift */ = {isa = PBXFileReference; lastKnownFileType = sourcecode.swift; path = SGReadingDataManager.swift; sourceTree = "<group>"; };
		1B7FF24B22CDE0A20031CEC5 /* SGReaderDataManager.swift */ = {isa = PBXFileReference; lastKnownFileType = sourcecode.swift; path = SGReaderDataManager.swift; sourceTree = "<group>"; };
		1B7FF24D22CDE3040031CEC5 /* SGReaderSetDataManager.swift */ = {isa = PBXFileReference; lastKnownFileType = sourcecode.swift; path = SGReaderSetDataManager.swift; sourceTree = "<group>"; };
		1B7FF24F22CDE3650031CEC5 /* SGDeviceExtension.swift */ = {isa = PBXFileReference; lastKnownFileType = sourcecode.swift; path = SGDeviceExtension.swift; sourceTree = "<group>"; };
		1B7FF25122CDEB980031CEC5 /* SGProtocolManager.swift */ = {isa = PBXFileReference; lastKnownFileType = sourcecode.swift; path = SGProtocolManager.swift; sourceTree = "<group>"; };
		1B7FF25322CDEE080031CEC5 /* SGPagingProcess.swift */ = {isa = PBXFileReference; lastKnownFileType = sourcecode.swift; path = SGPagingProcess.swift; sourceTree = "<group>"; };
		1B7FF25522CDEE3B0031CEC5 /* SGPagingModel.swift */ = {isa = PBXFileReference; lastKnownFileType = sourcecode.swift; path = SGPagingModel.swift; sourceTree = "<group>"; };
		1B7FF25722CDF4650031CEC5 /* SGStringExtension.swift */ = {isa = PBXFileReference; lastKnownFileType = sourcecode.swift; path = SGStringExtension.swift; sourceTree = "<group>"; };
		1B7FF25922CDF7320031CEC5 /* SGAttributedStringExtension.swift */ = {isa = PBXFileReference; lastKnownFileType = sourcecode.swift; path = SGAttributedStringExtension.swift; sourceTree = "<group>"; };
		1BBDA7F222CCB0FE005FE590 /* Sugar_Reader.framework */ = {isa = PBXFileReference; explicitFileType = wrapper.framework; includeInIndex = 0; path = Sugar_Reader.framework; sourceTree = BUILT_PRODUCTS_DIR; };
		1BBDA7F522CCB0FE005FE590 /* Sugar_Reader.h */ = {isa = PBXFileReference; lastKnownFileType = sourcecode.c.h; path = Sugar_Reader.h; sourceTree = "<group>"; };
		1BBDA7F622CCB0FE005FE590 /* Info.plist */ = {isa = PBXFileReference; lastKnownFileType = text.plist.xml; path = Info.plist; sourceTree = "<group>"; };
		1BBDA82122CCB744005FE590 /* SGBaseView.swift */ = {isa = PBXFileReference; lastKnownFileType = sourcecode.swift; path = SGBaseView.swift; sourceTree = "<group>"; };
		1BBDA82322CCB795005FE590 /* SGBaseViewController.swift */ = {isa = PBXFileReference; lastKnownFileType = sourcecode.swift; path = SGBaseViewController.swift; sourceTree = "<group>"; };
		1BBDA82622CCBEE5005FE590 /* SGReaserNavBarView.swift */ = {isa = PBXFileReference; lastKnownFileType = sourcecode.swift; path = SGReaserNavBarView.swift; sourceTree = "<group>"; };
		1BBDA82822CCBEF6005FE590 /* SGReaderTabBarView.swift */ = {isa = PBXFileReference; lastKnownFileType = sourcecode.swift; path = SGReaderTabBarView.swift; sourceTree = "<group>"; };
		1BBDA82A22CCBF13005FE590 /* SGReaderPageViewController.swift */ = {isa = PBXFileReference; lastKnownFileType = sourcecode.swift; path = SGReaderPageViewController.swift; sourceTree = "<group>"; };
		3C93BA321F6B02036AA95BFE /* Pods-Sugar_Reader.release.xcconfig */ = {isa = PBXFileReference; includeInIndex = 1; lastKnownFileType = text.xcconfig; name = "Pods-Sugar_Reader.release.xcconfig"; path = "Target Support Files/Pods-Sugar_Reader/Pods-Sugar_Reader.release.xcconfig"; sourceTree = "<group>"; };
		3C9DE1D383F7C2D5D35326D9 /* Pods-Sugar_Reader.debug.xcconfig */ = {isa = PBXFileReference; includeInIndex = 1; lastKnownFileType = text.xcconfig; name = "Pods-Sugar_Reader.debug.xcconfig"; path = "Target Support Files/Pods-Sugar_Reader/Pods-Sugar_Reader.debug.xcconfig"; sourceTree = "<group>"; };
		DBFC0ABBF45B83C206504293 /* Pods_Sugar_Reader.framework */ = {isa = PBXFileReference; explicitFileType = wrapper.framework; includeInIndex = 0; path = Pods_Sugar_Reader.framework; sourceTree = BUILT_PRODUCTS_DIR; };
/* End PBXFileReference section */

/* Begin PBXFrameworksBuildPhase section */
		1BBDA7EF22CCB0FE005FE590 /* Frameworks */ = {
			isa = PBXFrameworksBuildPhase;
			buildActionMask = 2147483647;
			files = (
				88905D2E99D497F3E71986BC /* Pods_Sugar_Reader.framework in Frameworks */,
			);
			runOnlyForDeploymentPostprocessing = 0;
		};
/* End PBXFrameworksBuildPhase section */

/* Begin PBXGroup section */
		1B7FF21A22CDD70C0031CEC5 /* Protocol */ = {
			isa = PBXGroup;
			children = (
				1B7FF21B22CDD7390031CEC5 /* SGReaderPageProtocol.swift */,
			);
			path = Protocol;
			sourceTree = "<group>";
		};
		1B7FF21D22CDD7550031CEC5 /* Process */ = {
			isa = PBXGroup;
			children = (
				1B7FF25322CDEE080031CEC5 /* SGPagingProcess.swift */,
			);
			path = Process;
			sourceTree = "<group>";
		};
		1B7FF24622CDDFD50031CEC5 /* Manager */ = {
			isa = PBXGroup;
			children = (
				1B7FF24722CDE0050031CEC5 /* SGMenuDataManager.swift */,
				1B7FF24922CDE0830031CEC5 /* SGReadingDataManager.swift */,
				1B7FF24B22CDE0A20031CEC5 /* SGReaderDataManager.swift */,
				1B7FF24D22CDE3040031CEC5 /* SGReaderSetDataManager.swift */,
				1B7FF25122CDEB980031CEC5 /* SGProtocolManager.swift */,
			);
			path = Manager;
			sourceTree = "<group>";
		};
		1BBDA7E822CCB0FE005FE590 = {
			isa = PBXGroup;
			children = (
				1BBDA7F422CCB0FE005FE590 /* Sugar_Reader */,
				1BBDA7F322CCB0FE005FE590 /* Products */,
				F69608759D41C9E1922BD4C9 /* Pods */,
				A25080DADE431051366ECA8F /* Frameworks */,
			);
			sourceTree = "<group>";
		};
		1BBDA7F322CCB0FE005FE590 /* Products */ = {
			isa = PBXGroup;
			children = (
				1BBDA7F222CCB0FE005FE590 /* Sugar_Reader.framework */,
			);
			name = Products;
			sourceTree = "<group>";
		};
		1BBDA7F422CCB0FE005FE590 /* Sugar_Reader */ = {
			isa = PBXGroup;
			children = (
				1BBDA82522CCBAAF005FE590 /* Sources */,
				1BBDA7F522CCB0FE005FE590 /* Sugar_Reader.h */,
				1BBDA7F622CCB0FE005FE590 /* Info.plist */,
			);
			path = Sugar_Reader;
			sourceTree = "<group>";
		};
		1BBDA7FD22CCB128005FE590 /* SGModel */ = {
			isa = PBXGroup;
			children = (
				1B7FF21622CDABAC0031CEC5 /* SGChapterDataModel.swift */,
				1B7FF25522CDEE3B0031CEC5 /* SGPagingModel.swift */,
			);
			path = SGModel;
			sourceTree = "<group>";
		};
		1BBDA7FE22CCB131005FE590 /* SGExtensions */ = {
			isa = PBXGroup;
			children = (
				1B7FF24F22CDE3650031CEC5 /* SGDeviceExtension.swift */,
				1B7FF25722CDF4650031CEC5 /* SGStringExtension.swift */,
				1B7FF25922CDF7320031CEC5 /* SGAttributedStringExtension.swift */,
			);
			path = SGExtensions;
			sourceTree = "<group>";
		};
		1BBDA7FF22CCB148005FE590 /* SGViewController */ = {
			isa = PBXGroup;
			children = (
				1B7FF21A22CDD70C0031CEC5 /* Protocol */,
				1BBDA82A22CCBF13005FE590 /* SGReaderPageViewController.swift */,
			);
			path = SGViewController;
			sourceTree = "<group>";
		};
		1BBDA81F22CCB70C005FE590 /* SGViews */ = {
			isa = PBXGroup;
			children = (
				1BBDA82622CCBEE5005FE590 /* SGReaserNavBarView.swift */,
				1BBDA82822CCBEF6005FE590 /* SGReaderTabBarView.swift */,
			);
			path = SGViews;
			sourceTree = "<group>";
		};
		1BBDA82022CCB730005FE590 /* Base */ = {
			isa = PBXGroup;
			children = (
				1BBDA82122CCB744005FE590 /* SGBaseView.swift */,
				1BBDA82322CCB795005FE590 /* SGBaseViewController.swift */,
				1B7FF21822CDD5620031CEC5 /* SGEnum.swift */,
			);
			path = Base;
			sourceTree = "<group>";
		};
		1BBDA82522CCBAAF005FE590 /* Sources */ = {
			isa = PBXGroup;
			children = (
				1B7FF24622CDDFD50031CEC5 /* Manager */,
				1B7FF21D22CDD7550031CEC5 /* Process */,
				1BBDA82022CCB730005FE590 /* Base */,
				1BBDA81F22CCB70C005FE590 /* SGViews */,
				1BBDA7FF22CCB148005FE590 /* SGViewController */,
				1BBDA7FE22CCB131005FE590 /* SGExtensions */,
				1BBDA7FD22CCB128005FE590 /* SGModel */,
				1B7FF21E22CDD7A30031CEC5 /* SGReaderManager.swift */,
			);
			path = Sources;
			sourceTree = "<group>";
		};
		A25080DADE431051366ECA8F /* Frameworks */ = {
			isa = PBXGroup;
			children = (
				DBFC0ABBF45B83C206504293 /* Pods_Sugar_Reader.framework */,
			);
			name = Frameworks;
			sourceTree = "<group>";
		};
		F69608759D41C9E1922BD4C9 /* Pods */ = {
			isa = PBXGroup;
			children = (
				3C9DE1D383F7C2D5D35326D9 /* Pods-Sugar_Reader.debug.xcconfig */,
				3C93BA321F6B02036AA95BFE /* Pods-Sugar_Reader.release.xcconfig */,
			);
			path = Pods;
			sourceTree = "<group>";
		};
/* End PBXGroup section */

/* Begin PBXHeadersBuildPhase section */
		1BBDA7ED22CCB0FE005FE590 /* Headers */ = {
			isa = PBXHeadersBuildPhase;
			buildActionMask = 2147483647;
			files = (
				1BBDA7F722CCB0FE005FE590 /* Sugar_Reader.h in Headers */,
			);
			runOnlyForDeploymentPostprocessing = 0;
		};
/* End PBXHeadersBuildPhase section */

/* Begin PBXNativeTarget section */
		1BBDA7F122CCB0FE005FE590 /* Sugar_Reader */ = {
			isa = PBXNativeTarget;
			buildConfigurationList = 1BBDA7FA22CCB0FE005FE590 /* Build configuration list for PBXNativeTarget "Sugar_Reader" */;
			buildPhases = (
				7BEA9612A0D768AFEBE33772 /* [CP] Check Pods Manifest.lock */,
				1BBDA7ED22CCB0FE005FE590 /* Headers */,
				1BBDA7EE22CCB0FE005FE590 /* Sources */,
				1BBDA7EF22CCB0FE005FE590 /* Frameworks */,
				1BBDA7F022CCB0FE005FE590 /* Resources */,
			);
			buildRules = (
			);
			dependencies = (
			);
			name = Sugar_Reader;
			productName = Sugar_Reader;
			productReference = 1BBDA7F222CCB0FE005FE590 /* Sugar_Reader.framework */;
			productType = "com.apple.product-type.framework";
		};
/* End PBXNativeTarget section */

/* Begin PBXProject section */
		1BBDA7E922CCB0FE005FE590 /* Project object */ = {
			isa = PBXProject;
			attributes = {
				LastUpgradeCheck = 1020;
				ORGANIZATIONNAME = Sugar;
				TargetAttributes = {
					1BBDA7F122CCB0FE005FE590 = {
						CreatedOnToolsVersion = 10.2.1;
						LastSwiftMigration = 1020;
					};
				};
			};
			buildConfigurationList = 1BBDA7EC22CCB0FE005FE590 /* Build configuration list for PBXProject "Sugar_Reader" */;
			compatibilityVersion = "Xcode 9.3";
			developmentRegion = en;
			hasScannedForEncodings = 0;
			knownRegions = (
				en,
			);
			mainGroup = 1BBDA7E822CCB0FE005FE590;
			productRefGroup = 1BBDA7F322CCB0FE005FE590 /* Products */;
			projectDirPath = "";
			projectRoot = "";
			targets = (
				1BBDA7F122CCB0FE005FE590 /* Sugar_Reader */,
			);
		};
/* End PBXProject section */

/* Begin PBXResourcesBuildPhase section */
		1BBDA7F022CCB0FE005FE590 /* Resources */ = {
			isa = PBXResourcesBuildPhase;
			buildActionMask = 2147483647;
			files = (
			);
			runOnlyForDeploymentPostprocessing = 0;
		};
/* End PBXResourcesBuildPhase section */

/* Begin PBXShellScriptBuildPhase section */
		7BEA9612A0D768AFEBE33772 /* [CP] Check Pods Manifest.lock */ = {
			isa = PBXShellScriptBuildPhase;
			buildActionMask = 2147483647;
			files = (
			);
			inputFileListPaths = (
			);
			inputPaths = (
				"${PODS_PODFILE_DIR_PATH}/Podfile.lock",
				"${PODS_ROOT}/Manifest.lock",
			);
			name = "[CP] Check Pods Manifest.lock";
			outputFileListPaths = (
			);
			outputPaths = (
				"$(DERIVED_FILE_DIR)/Pods-Sugar_Reader-checkManifestLockResult.txt",
			);
			runOnlyForDeploymentPostprocessing = 0;
			shellPath = /bin/sh;
			shellScript = "diff \"${PODS_PODFILE_DIR_PATH}/Podfile.lock\" \"${PODS_ROOT}/Manifest.lock\" > /dev/null\nif [ $? != 0 ] ; then\n    # print error to STDERR\n    echo \"error: The sandbox is not in sync with the Podfile.lock. Run 'pod install' or update your CocoaPods installation.\" >&2\n    exit 1\nfi\n# This output is used by Xcode 'outputs' to avoid re-running this script phase.\necho \"SUCCESS\" > \"${SCRIPT_OUTPUT_FILE_0}\"\n";
			showEnvVarsInLog = 0;
		};
/* End PBXShellScriptBuildPhase section */

/* Begin PBXSourcesBuildPhase section */
		1BBDA7EE22CCB0FE005FE590 /* Sources */ = {
			isa = PBXSourcesBuildPhase;
			buildActionMask = 2147483647;
			files = (
				1BBDA82422CCB795005FE590 /* SGBaseViewController.swift in Sources */,
				1B7FF25A22CDF7320031CEC5 /* SGAttributedStringExtension.swift in Sources */,
				1B7FF21C22CDD7390031CEC5 /* SGReaderPageProtocol.swift in Sources */,
				1B7FF25222CDEB980031CEC5 /* SGProtocolManager.swift in Sources */,
				1B7FF21F22CDD7A30031CEC5 /* SGReaderManager.swift in Sources */,
				1B7FF25822CDF4650031CEC5 /* SGStringExtension.swift in Sources */,
				1BBDA82722CCBEE5005FE590 /* SGReaserNavBarView.swift in Sources */,
				1B7FF24A22CDE0830031CEC5 /* SGReadingDataManager.swift in Sources */,
				1B7FF24822CDE0050031CEC5 /* SGMenuDataManager.swift in Sources */,
				1B7FF25622CDEE3B0031CEC5 /* SGPagingModel.swift in Sources */,
				1B7FF24C22CDE0A20031CEC5 /* SGReaderDataManager.swift in Sources */,
				1B7FF24E22CDE3040031CEC5 /* SGReaderSetDataManager.swift in Sources */,
				1BBDA82922CCBEF6005FE590 /* SGReaderTabBarView.swift in Sources */,
				1B7FF21722CDABAC0031CEC5 /* SGChapterDataModel.swift in Sources */,
				1BBDA82B22CCBF13005FE590 /* SGReaderPageViewController.swift in Sources */,
				1B7FF21922CDD5620031CEC5 /* SGEnum.swift in Sources */,
				1BBDA82222CCB744005FE590 /* SGBaseView.swift in Sources */,
				1B7FF25022CDE3650031CEC5 /* SGDeviceExtension.swift in Sources */,
				1B7FF25422CDEE080031CEC5 /* SGPagingProcess.swift in Sources */,
			);
			runOnlyForDeploymentPostprocessing = 0;
		};
/* End PBXSourcesBuildPhase section */

/* Begin XCBuildConfiguration section */
		1BBDA7F822CCB0FE005FE590 /* Debug */ = {
			isa = XCBuildConfiguration;
			buildSettings = {
				ALWAYS_SEARCH_USER_PATHS = NO;
				CLANG_ANALYZER_NONNULL = YES;
				CLANG_ANALYZER_NUMBER_OBJECT_CONVERSION = YES_AGGRESSIVE;
				CLANG_CXX_LANGUAGE_STANDARD = "gnu++14";
				CLANG_CXX_LIBRARY = "libc++";
				CLANG_ENABLE_MODULES = YES;
				CLANG_ENABLE_OBJC_ARC = YES;
				CLANG_ENABLE_OBJC_WEAK = YES;
				CLANG_WARN_BLOCK_CAPTURE_AUTORELEASING = YES;
				CLANG_WARN_BOOL_CONVERSION = YES;
				CLANG_WARN_COMMA = YES;
				CLANG_WARN_CONSTANT_CONVERSION = YES;
				CLANG_WARN_DEPRECATED_OBJC_IMPLEMENTATIONS = YES;
				CLANG_WARN_DIRECT_OBJC_ISA_USAGE = YES_ERROR;
				CLANG_WARN_DOCUMENTATION_COMMENTS = YES;
				CLANG_WARN_EMPTY_BODY = YES;
				CLANG_WARN_ENUM_CONVERSION = YES;
				CLANG_WARN_INFINITE_RECURSION = YES;
				CLANG_WARN_INT_CONVERSION = YES;
				CLANG_WARN_NON_LITERAL_NULL_CONVERSION = YES;
				CLANG_WARN_OBJC_IMPLICIT_RETAIN_SELF = YES;
				CLANG_WARN_OBJC_LITERAL_CONVERSION = YES;
				CLANG_WARN_OBJC_ROOT_CLASS = YES_ERROR;
				CLANG_WARN_RANGE_LOOP_ANALYSIS = YES;
				CLANG_WARN_STRICT_PROTOTYPES = YES;
				CLANG_WARN_SUSPICIOUS_MOVE = YES;
				CLANG_WARN_UNGUARDED_AVAILABILITY = YES_AGGRESSIVE;
				CLANG_WARN_UNREACHABLE_CODE = YES;
				CLANG_WARN__DUPLICATE_METHOD_MATCH = YES;
				CODE_SIGN_IDENTITY = "iPhone Developer";
				COPY_PHASE_STRIP = NO;
				CURRENT_PROJECT_VERSION = 1;
				DEBUG_INFORMATION_FORMAT = dwarf;
				ENABLE_STRICT_OBJC_MSGSEND = YES;
				ENABLE_TESTABILITY = YES;
				GCC_C_LANGUAGE_STANDARD = gnu11;
				GCC_DYNAMIC_NO_PIC = NO;
				GCC_NO_COMMON_BLOCKS = YES;
				GCC_OPTIMIZATION_LEVEL = 0;
				GCC_PREPROCESSOR_DEFINITIONS = (
					"DEBUG=1",
					"$(inherited)",
				);
				GCC_WARN_64_TO_32_BIT_CONVERSION = YES;
				GCC_WARN_ABOUT_RETURN_TYPE = YES_ERROR;
				GCC_WARN_UNDECLARED_SELECTOR = YES;
				GCC_WARN_UNINITIALIZED_AUTOS = YES_AGGRESSIVE;
				GCC_WARN_UNUSED_FUNCTION = YES;
				GCC_WARN_UNUSED_VARIABLE = YES;
				IPHONEOS_DEPLOYMENT_TARGET = 12.2;
				MTL_ENABLE_DEBUG_INFO = INCLUDE_SOURCE;
				MTL_FAST_MATH = YES;
				ONLY_ACTIVE_ARCH = YES;
				SDKROOT = iphoneos;
				SWIFT_ACTIVE_COMPILATION_CONDITIONS = DEBUG;
				SWIFT_OPTIMIZATION_LEVEL = "-Onone";
				VERSIONING_SYSTEM = "apple-generic";
				VERSION_INFO_PREFIX = "";
			};
			name = Debug;
		};
		1BBDA7F922CCB0FE005FE590 /* Release */ = {
			isa = XCBuildConfiguration;
			buildSettings = {
				ALWAYS_SEARCH_USER_PATHS = NO;
				CLANG_ANALYZER_NONNULL = YES;
				CLANG_ANALYZER_NUMBER_OBJECT_CONVERSION = YES_AGGRESSIVE;
				CLANG_CXX_LANGUAGE_STANDARD = "gnu++14";
				CLANG_CXX_LIBRARY = "libc++";
				CLANG_ENABLE_MODULES = YES;
				CLANG_ENABLE_OBJC_ARC = YES;
				CLANG_ENABLE_OBJC_WEAK = YES;
				CLANG_WARN_BLOCK_CAPTURE_AUTORELEASING = YES;
				CLANG_WARN_BOOL_CONVERSION = YES;
				CLANG_WARN_COMMA = YES;
				CLANG_WARN_CONSTANT_CONVERSION = YES;
				CLANG_WARN_DEPRECATED_OBJC_IMPLEMENTATIONS = YES;
				CLANG_WARN_DIRECT_OBJC_ISA_USAGE = YES_ERROR;
				CLANG_WARN_DOCUMENTATION_COMMENTS = YES;
				CLANG_WARN_EMPTY_BODY = YES;
				CLANG_WARN_ENUM_CONVERSION = YES;
				CLANG_WARN_INFINITE_RECURSION = YES;
				CLANG_WARN_INT_CONVERSION = YES;
				CLANG_WARN_NON_LITERAL_NULL_CONVERSION = YES;
				CLANG_WARN_OBJC_IMPLICIT_RETAIN_SELF = YES;
				CLANG_WARN_OBJC_LITERAL_CONVERSION = YES;
				CLANG_WARN_OBJC_ROOT_CLASS = YES_ERROR;
				CLANG_WARN_RANGE_LOOP_ANALYSIS = YES;
				CLANG_WARN_STRICT_PROTOTYPES = YES;
				CLANG_WARN_SUSPICIOUS_MOVE = YES;
				CLANG_WARN_UNGUARDED_AVAILABILITY = YES_AGGRESSIVE;
				CLANG_WARN_UNREACHABLE_CODE = YES;
				CLANG_WARN__DUPLICATE_METHOD_MATCH = YES;
				CODE_SIGN_IDENTITY = "iPhone Developer";
				COPY_PHASE_STRIP = NO;
				CURRENT_PROJECT_VERSION = 1;
				DEBUG_INFORMATION_FORMAT = "dwarf-with-dsym";
				ENABLE_NS_ASSERTIONS = NO;
				ENABLE_STRICT_OBJC_MSGSEND = YES;
				GCC_C_LANGUAGE_STANDARD = gnu11;
				GCC_NO_COMMON_BLOCKS = YES;
				GCC_WARN_64_TO_32_BIT_CONVERSION = YES;
				GCC_WARN_ABOUT_RETURN_TYPE = YES_ERROR;
				GCC_WARN_UNDECLARED_SELECTOR = YES;
				GCC_WARN_UNINITIALIZED_AUTOS = YES_AGGRESSIVE;
				GCC_WARN_UNUSED_FUNCTION = YES;
				GCC_WARN_UNUSED_VARIABLE = YES;
				IPHONEOS_DEPLOYMENT_TARGET = 12.2;
				MTL_ENABLE_DEBUG_INFO = NO;
				MTL_FAST_MATH = YES;
				SDKROOT = iphoneos;
				SWIFT_COMPILATION_MODE = wholemodule;
				SWIFT_OPTIMIZATION_LEVEL = "-O";
				VALIDATE_PRODUCT = YES;
				VERSIONING_SYSTEM = "apple-generic";
				VERSION_INFO_PREFIX = "";
			};
			name = Release;
		};
		1BBDA7FB22CCB0FE005FE590 /* Debug */ = {
			isa = XCBuildConfiguration;
			baseConfigurationReference = 3C9DE1D383F7C2D5D35326D9 /* Pods-Sugar_Reader.debug.xcconfig */;
			buildSettings = {
				CLANG_ENABLE_MODULES = YES;
				CODE_SIGN_IDENTITY = "";
				CODE_SIGN_STYLE = Automatic;
				DEFINES_MODULE = YES;
				DYLIB_COMPATIBILITY_VERSION = 1;
				DYLIB_CURRENT_VERSION = 1;
				DYLIB_INSTALL_NAME_BASE = "@rpath";
				INFOPLIST_FILE = Sugar_Reader/Info.plist;
				INSTALL_PATH = "$(LOCAL_LIBRARY_DIR)/Frameworks";
				LD_RUNPATH_SEARCH_PATHS = (
					"$(inherited)",
					"@executable_path/Frameworks",
					"@loader_path/Frameworks",
				);
				PRODUCT_BUNDLE_IDENTIFIER = "com.Sugar.Sugar-Reader";
				PRODUCT_NAME = "$(TARGET_NAME:c99extidentifier)";
				SKIP_INSTALL = YES;
				SWIFT_OPTIMIZATION_LEVEL = "-Onone";
				SWIFT_VERSION = 5.0;
				TARGETED_DEVICE_FAMILY = "1,2";
			};
			name = Debug;
		};
		1BBDA7FC22CCB0FE005FE590 /* Release */ = {
			isa = XCBuildConfiguration;
			baseConfigurationReference = 3C93BA321F6B02036AA95BFE /* Pods-Sugar_Reader.release.xcconfig */;
			buildSettings = {
				CLANG_ENABLE_MODULES = YES;
				CODE_SIGN_IDENTITY = "";
				CODE_SIGN_STYLE = Automatic;
				DEFINES_MODULE = YES;
				DYLIB_COMPATIBILITY_VERSION = 1;
				DYLIB_CURRENT_VERSION = 1;
				DYLIB_INSTALL_NAME_BASE = "@rpath";
				INFOPLIST_FILE = Sugar_Reader/Info.plist;
				INSTALL_PATH = "$(LOCAL_LIBRARY_DIR)/Frameworks";
				LD_RUNPATH_SEARCH_PATHS = (
					"$(inherited)",
					"@executable_path/Frameworks",
					"@loader_path/Frameworks",
				);
				PRODUCT_BUNDLE_IDENTIFIER = "com.Sugar.Sugar-Reader";
				PRODUCT_NAME = "$(TARGET_NAME:c99extidentifier)";
				SKIP_INSTALL = YES;
				SWIFT_VERSION = 5.0;
				TARGETED_DEVICE_FAMILY = "1,2";
			};
			name = Release;
		};
/* End XCBuildConfiguration section */

/* Begin XCConfigurationList section */
		1BBDA7EC22CCB0FE005FE590 /* Build configuration list for PBXProject "Sugar_Reader" */ = {
			isa = XCConfigurationList;
			buildConfigurations = (
				1BBDA7F822CCB0FE005FE590 /* Debug */,
				1BBDA7F922CCB0FE005FE590 /* Release */,
			);
			defaultConfigurationIsVisible = 0;
			defaultConfigurationName = Release;
		};
		1BBDA7FA22CCB0FE005FE590 /* Build configuration list for PBXNativeTarget "Sugar_Reader" */ = {
			isa = XCConfigurationList;
			buildConfigurations = (
				1BBDA7FB22CCB0FE005FE590 /* Debug */,
				1BBDA7FC22CCB0FE005FE590 /* Release */,
			);
			defaultConfigurationIsVisible = 0;
			defaultConfigurationName = Release;
		};
/* End XCConfigurationList section */
	};
	rootObject = 1BBDA7E922CCB0FE005FE590 /* Project object */;
}
